
Microsoft Visual Studio Solution File, Format Version 12.00
# Visual Studio 14
VisualStudioVersion = 14.0.23107.0
MinimumVisualStudioVersion = 10.0.40219.1
Project("{FAE04EC0-301F-11D3-BF4B-00C04F79EFBC}") = "Fyuzon.Core", "Fyuzon.Core\Fyuzon.Core.csproj", "{D2D53C95-4CB5-4210-A9B3-ED86ADB66569}"
EndProject
Project("{FAE04EC0-301F-11D3-BF4B-00C04F79EFBC}") = "Fyuzon.Common", "Fyuzon.Common\Fyuzon.Common.csproj", "{2426B017-3E16-4975-95E9-5E911A356039}"
EndProject
Project("{2150E333-8FDC-42A3-9474-1A3956D46DE8}") = "Fyuzon.Family", "Fyuzon.Family", "{9D7FC731-2147-43B5-978D-45AB6760515F}"
EndProject
Project("{FAE04EC0-301F-11D3-BF4B-00C04F79EFBC}") = "Fyuzon.Family.Common", "Fyuzon.Family\Fyuzon.Family.Common\Fyuzon.Family.Common.csproj", "{A66E86D6-D690-4EB2-961F-02C317DA206E}"
EndProject
Project("{FAE04EC0-301F-11D3-BF4B-00C04F79EFBC}") = "Fyuzon.Family.Core", "Fyuzon.Family\Fyuzon.Family.Core\Fyuzon.Family.Core.csproj", "{456D280F-B9AB-4801-98D1-04015501E1E6}"
EndProject
Project("{2150E333-8FDC-42A3-9474-1A3956D46DE8}") = "Fyuzon", "Fyuzon", "{8EDE8C54-AA24-4833-962C-AC8F27510ECA}"
EndProject
Global
	GlobalSection(SolutionConfigurationPlatforms) = preSolution
		Debug|Any CPU = Debug|Any CPU
		Release|Any CPU = Release|Any CPU
	EndGlobalSection
	GlobalSection(ProjectConfigurationPlatforms) = postSolution
		{D2D53C95-4CB5-4210-A9B3-ED86ADB66569}.Debug|Any CPU.ActiveCfg = Debug|Any CPU
		{D2D53C95-4CB5-4210-A9B3-ED86ADB66569}.Debug|Any CPU.Build.0 = Debug|Any CPU
		{D2D53C95-4CB5-4210-A9B3-ED86ADB66569}.Release|Any CPU.ActiveCfg = Release|Any CPU
		{D2D53C95-4CB5-4210-A9B3-ED86ADB66569}.Release|Any CPU.Build.0 = Release|Any CPU
		{2426B017-3E16-4975-95E9-5E911A356039}.Debug|Any CPU.ActiveCfg = Debug|Any CPU
		{2426B017-3E16-4975-95E9-5E911A356039}.Debug|Any CPU.Build.0 = Debug|Any CPU
		{2426B017-3E16-4975-95E9-5E911A356039}.Release|Any CPU.ActiveCfg = Release|Any CPU
		{2426B017-3E16-4975-95E9-5E911A356039}.Release|Any CPU.Build.0 = Release|Any CPU
		{A66E86D6-D690-4EB2-961F-02C317DA206E}.Debug|Any CPU.ActiveCfg = Debug|Any CPU
		{A66E86D6-D690-4EB2-961F-02C317DA206E}.Debug|Any CPU.Build.0 = Debug|Any CPU
		{A66E86D6-D690-4EB2-961F-02C317DA206E}.Release|Any CPU.ActiveCfg = Release|Any CPU
		{A66E86D6-D690-4EB2-961F-02C317DA206E}.Release|Any CPU.Build.0 = Release|Any CPU
		{456D280F-B9AB-4801-98D1-04015501E1E6}.Debug|Any CPU.ActiveCfg = Debug|Any CPU
		{456D280F-B9AB-4801-98D1-04015501E1E6}.Debug|Any CPU.Build.0 = Debug|Any CPU
		{456D280F-B9AB-4801-98D1-04015501E1E6}.Release|Any CPU.ActiveCfg = Release|Any CPU
		{456D280F-B9AB-4801-98D1-04015501E1E6}.Release|Any CPU.Build.0 = Release|Any CPU
	EndGlobalSection
	GlobalSection(SolutionProperties) = preSolution
		HideSolutionNode = FALSE
	EndGlobalSection
	GlobalSection(NestedProjects) = preSolution
		{D2D53C95-4CB5-4210-A9B3-ED86ADB66569} = {8EDE8C54-AA24-4833-962C-AC8F27510ECA}
		{2426B017-3E16-4975-95E9-5E911A356039} = {8EDE8C54-AA24-4833-962C-AC8F27510ECA}
		{A66E86D6-D690-4EB2-961F-02C317DA206E} = {9D7FC731-2147-43B5-978D-45AB6760515F}
		{456D280F-B9AB-4801-98D1-04015501E1E6} = {9D7FC731-2147-43B5-978D-45AB6760515F}
	EndGlobalSection
EndGlobal
